# generated by rye
# use `rye lock` or `rye sync` to update this lockfile
#
# last locked with the following flags:
#   pre: false
#   features: []
#   all-features: false
#   with-sources: false
#   generate-hashes: false
#   universal: false

-e file:.
aiohappyeyeballs==2.4.4
    # via aiohttp
aiohttp==3.11.10
    # via langchain
    # via langchain-community
aiosignal==1.3.1
    # via aiohttp
annotated-types==0.7.0
    # via pydantic
anthropic==0.37.1
    # via langchain-anthropic
anyio==4.6.2.post1
    # via anthropic
    # via httpx
    # via openai
asttokens==2.4.1
    # via icecream
    # via stack-data
attrs==24.2.0
    # via aiohttp
black==24.10.0
    # via interview
cachetools==5.5.0
    # via google-auth
certifi==2024.8.30
    # via httpcore
    # via httpx
    # via requests
charset-normalizer==3.4.0
    # via requests
click==8.1.7
    # via black
colorama==0.4.6
    # via icecream
dataclasses-json==0.6.7
    # via langchain-community
decorator==5.1.1
    # via ipython
defusedxml==0.7.1
    # via langchain-anthropic
distro==1.9.0
    # via anthropic
    # via openai
executing==2.1.0
    # via icecream
    # via stack-data
filelock==3.16.1
    # via huggingface-hub
filetype==1.2.0
    # via langchain-google-genai
frozenlist==1.5.0
    # via aiohttp
    # via aiosignal
fsspec==2024.10.0
    # via huggingface-hub
google-ai-generativelanguage==0.6.10
    # via google-generativeai
google-api-core==2.24.0
    # via google-ai-generativelanguage
    # via google-api-python-client
    # via google-generativeai
google-api-python-client==2.159.0
    # via google-generativeai
google-auth==2.37.0
    # via google-ai-generativelanguage
    # via google-api-core
    # via google-api-python-client
    # via google-auth-httplib2
    # via google-generativeai
google-auth-httplib2==0.2.0
    # via google-api-python-client
google-generativeai==0.8.3
    # via langchain-google-genai
googleapis-common-protos==1.66.0
    # via google-api-core
    # via grpcio-status
greenlet==3.1.1
    # via sqlalchemy
grpcio==1.60.1
    # via google-api-core
    # via grpcio-status
    # via interview
grpcio-status==1.60.1
    # via google-api-core
h11==0.14.0
    # via httpcore
httpcore==1.0.6
    # via httpx
httplib2==0.22.0
    # via google-api-python-client
    # via google-auth-httplib2
httpx==0.27.2
    # via anthropic
    # via langgraph-sdk
    # via langsmith
    # via openai
httpx-sse==0.4.0
    # via langchain-community
    # via langgraph-sdk
huggingface-hub==0.26.2
    # via tokenizers
icecream==2.1.3
    # via interview
idna==3.10
    # via anyio
    # via httpx
    # via requests
    # via yarl
ipython==8.29.0
    # via interview
jedi==0.19.1
    # via ipython
jiter==0.7.0
    # via anthropic
    # via openai
jsonpatch==1.33
    # via langchain-core
jsonpointer==3.0.0
    # via jsonpatch
langchain==0.3.9
    # via interview
    # via langchain-community
langchain-anthropic==0.2.4
    # via interview
langchain-community==0.3.9
    # via interview
langchain-core==0.3.30
    # via interview
    # via langchain
    # via langchain-anthropic
    # via langchain-community
    # via langchain-google-genai
    # via langchain-openai
    # via langchain-text-splitters
    # via langgraph
    # via langgraph-checkpoint
langchain-google-genai==2.0.8
    # via interview
langchain-openai==0.2.5
    # via interview
langchain-text-splitters==0.3.2
    # via langchain
langgraph==0.2.43
    # via interview
langgraph-checkpoint==2.0.2
    # via langgraph
langgraph-sdk==0.1.35
    # via langgraph
langsmith==0.1.139
    # via langchain
    # via langchain-community
    # via langchain-core
marshmallow==3.23.1
    # via dataclasses-json
matplotlib-inline==0.1.7
    # via ipython
msgpack==1.1.0
    # via langgraph-checkpoint
multidict==6.1.0
    # via aiohttp
    # via yarl
mypy-extensions==1.0.0
    # via black
    # via typing-inspect
numpy==1.26.4
    # via langchain
    # via langchain-community
    # via pandas
    # via pyline-notify
openai==1.53.0
    # via langchain-openai
orjson==3.10.10
    # via langgraph-sdk
    # via langsmith
packaging==24.1
    # via black
    # via huggingface-hub
    # via langchain-core
    # via marshmallow
pandas==2.3.3
    # via interview
parso==0.8.4
    # via jedi
pathspec==0.12.1
    # via black
pexpect==4.9.0
    # via ipython
pillow==11.1.0
    # via pyline-notify
platformdirs==4.3.6
    # via black
plyer==2.1.0
    # via interview
prompt-toolkit==3.0.48
    # via ipython
propcache==0.2.1
    # via aiohttp
    # via yarl
proto-plus==1.25.0
    # via google-ai-generativelanguage
    # via google-api-core
protobuf==5.29.3
    # via google-ai-generativelanguage
    # via google-api-core
    # via google-generativeai
    # via googleapis-common-protos
    # via grpcio-status
    # via proto-plus
ptyprocess==0.7.0
    # via pexpect
pure-eval==0.2.3
    # via stack-data
pyasn1==0.6.1
    # via pyasn1-modules
    # via rsa
pyasn1-modules==0.4.1
    # via google-auth
pydantic==2.9.2
    # via anthropic
    # via google-generativeai
    # via langchain
    # via langchain-anthropic
    # via langchain-core
    # via langchain-google-genai
    # via langsmith
    # via openai
    # via pydantic-settings
pydantic-core==2.23.4
    # via pydantic
pydantic-settings==2.6.1
    # via langchain-community
pygments==2.18.0
    # via icecream
    # via ipython
pyline-notify==0.0.6
    # via interview
pyparsing==3.2.1
    # via httplib2
python-dateutil==2.9.0.post0
    # via pandas
python-dotenv==1.0.1
    # via pydantic-settings
pytz==2024.2
    # via interview
    # via pandas
pyyaml==6.0.2
    # via huggingface-hub
    # via langchain
    # via langchain-community
    # via langchain-core
regex==2024.9.11
    # via tiktoken
requests==2.32.3
    # via google-api-core
    # via huggingface-hub
    # via langchain
    # via langchain-community
    # via langsmith
    # via pyline-notify
    # via requests-toolbelt
    # via tiktoken
requests-toolbelt==1.0.0
    # via langsmith
rsa==4.9
    # via google-auth
six==1.16.0
    # via asttokens
    # via python-dateutil
sniffio==1.3.1
    # via anthropic
    # via anyio
    # via httpx
    # via openai
sqlalchemy==2.0.36
    # via langchain
    # via langchain-community
stack-data==0.6.3
    # via ipython
tenacity==9.0.0
    # via langchain
    # via langchain-community
    # via langchain-core
tiktoken==0.8.0
    # via langchain-openai
tokenizers==0.20.1
    # via anthropic
tqdm==4.66.6
    # via google-generativeai
    # via huggingface-hub
    # via openai
traitlets==5.14.3
    # via ipython
    # via matplotlib-inline
typing-extensions==4.12.2
    # via anthropic
    # via google-generativeai
    # via huggingface-hub
    # via ipython
    # via langchain-core
    # via openai
    # via pydantic
    # via pydantic-core
    # via sqlalchemy
    # via typing-inspect
typing-inspect==0.9.0
    # via dataclasses-json
tzdata==2025.2
    # via pandas
uritemplate==4.1.1
    # via google-api-python-client
urllib3==2.2.3
    # via requests
wcwidth==0.2.13
    # via prompt-toolkit
yarl==1.18.3
    # via aiohttp
